Microsoft Visual Studio Solution File, Format Version 12.00
# Visual Studio 15
VisualStudioVersion = 15.0.27130.2026
MinimumVisualStudioVersion = 10.0.40219.1
Project("{9A19103F-16F7-4668-BE54-9A1E7A4F7556}") = "NedlastingKlient", "NedlastingKlient\NedlastingKlient.csproj", "{E56A268C-4C6D-4425-9F3F-F8ABFB3FEEDD}"
EndProject
Project("{FAE04EC0-301F-11D3-BF4B-00C04F79EFBC}") = "NedlastingKlient.Gui", "NedlastingKlient.Gui\NedlastingKlient.Gui.csproj", "{8C20E9A5-573F-430C-A4AB-879C9DCBCD2B}"
EndProject
Project("{9A19103F-16F7-4668-BE54-9A1E7A4F7556}") = "NedlastingKlient.Konsoll", "NedlastingKlient.Konsoll\NedlastingKlient.Konsoll.csproj", "{F3F01547-BC08-469F-B7BE-2B5EB77FC9A6}"
EndProject
Project("{9A19103F-16F7-4668-BE54-9A1E7A4F7556}") = "NedlastingKlient.Test", "NedlastingKlient.Test\NedlastingKlient.Test.csproj", "{B225ABF0-27C9-472D-A9EA-39D9F9C8C752}"
EndProject
Global
	GlobalSection(SolutionConfigurationPlatforms) = preSolution
		Debug|Any CPU = Debug|Any CPU
		Debug|x64 = Debug|x64
		Debug|x86 = Debug|x86
		Release|Any CPU = Release|Any CPU
		Release|x64 = Release|x64
		Release|x86 = Release|x86
	EndGlobalSection
	GlobalSection(ProjectConfigurationPlatforms) = postSolution
		{E56A268C-4C6D-4425-9F3F-F8ABFB3FEEDD}.Debug|Any CPU.ActiveCfg = Debug|Any CPU
		{E56A268C-4C6D-4425-9F3F-F8ABFB3FEEDD}.Debug|Any CPU.Build.0 = Debug|Any CPU
		{E56A268C-4C6D-4425-9F3F-F8ABFB3FEEDD}.Debug|x64.ActiveCfg = Debug|Any CPU
		{E56A268C-4C6D-4425-9F3F-F8ABFB3FEEDD}.Debug|x64.Build.0 = Debug|Any CPU
		{E56A268C-4C6D-4425-9F3F-F8ABFB3FEEDD}.Debug|x86.ActiveCfg = Debug|Any CPU
		{E56A268C-4C6D-4425-9F3F-F8ABFB3FEEDD}.Debug|x86.Build.0 = Debug|Any CPU
		{E56A268C-4C6D-4425-9F3F-F8ABFB3FEEDD}.Release|Any CPU.ActiveCfg = Release|Any CPU
		{E56A268C-4C6D-4425-9F3F-F8ABFB3FEEDD}.Release|Any CPU.Build.0 = Release|Any CPU
		{E56A268C-4C6D-4425-9F3F-F8ABFB3FEEDD}.Release|x64.ActiveCfg = Release|Any CPU
		{E56A268C-4C6D-4425-9F3F-F8ABFB3FEEDD}.Release|x64.Build.0 = Release|Any CPU
		{E56A268C-4C6D-4425-9F3F-F8ABFB3FEEDD}.Release|x86.ActiveCfg = Release|Any CPU
		{E56A268C-4C6D-4425-9F3F-F8ABFB3FEEDD}.Release|x86.Build.0 = Release|Any CPU
		{8C20E9A5-573F-430C-A4AB-879C9DCBCD2B}.Debug|Any CPU.ActiveCfg = Debug|Any CPU
		{8C20E9A5-573F-430C-A4AB-879C9DCBCD2B}.Debug|Any CPU.Build.0 = Debug|Any CPU
		{8C20E9A5-573F-430C-A4AB-879C9DCBCD2B}.Debug|x64.ActiveCfg = Debug|Any CPU
		{8C20E9A5-573F-430C-A4AB-879C9DCBCD2B}.Debug|x64.Build.0 = Debug|Any CPU
		{8C20E9A5-573F-430C-A4AB-879C9DCBCD2B}.Debug|x86.ActiveCfg = Debug|Any CPU
		{8C20E9A5-573F-430C-A4AB-879C9DCBCD2B}.Debug|x86.Build.0 = Debug|Any CPU
		{8C20E9A5-573F-430C-A4AB-879C9DCBCD2B}.Release|Any CPU.ActiveCfg = Release|Any CPU
		{8C20E9A5-573F-430C-A4AB-879C9DCBCD2B}.Release|Any CPU.Build.0 = Release|Any CPU
		{8C20E9A5-573F-430C-A4AB-879C9DCBCD2B}.Release|x64.ActiveCfg = Release|Any CPU
		{8C20E9A5-573F-430C-A4AB-879C9DCBCD2B}.Release|x64.Build.0 = Release|Any CPU
		{8C20E9A5-573F-430C-A4AB-879C9DCBCD2B}.Release|x86.ActiveCfg = Release|Any CPU
		{8C20E9A5-573F-430C-A4AB-879C9DCBCD2B}.Release|x86.Build.0 = Release|Any CPU
		{F3F01547-BC08-469F-B7BE-2B5EB77FC9A6}.Debug|Any CPU.ActiveCfg = Debug|Any CPU
		{F3F01547-BC08-469F-B7BE-2B5EB77FC9A6}.Debug|Any CPU.Build.0 = Debug|Any CPU
		{F3F01547-BC08-469F-B7BE-2B5EB77FC9A6}.Debug|x64.ActiveCfg = Debug|Any CPU
		{F3F01547-BC08-469F-B7BE-2B5EB77FC9A6}.Debug|x64.Build.0 = Debug|Any CPU
		{F3F01547-BC08-469F-B7BE-2B5EB77FC9A6}.Debug|x86.ActiveCfg = Debug|Any CPU
		{F3F01547-BC08-469F-B7BE-2B5EB77FC9A6}.Debug|x86.Build.0 = Debug|Any CPU
		{F3F01547-BC08-469F-B7BE-2B5EB77FC9A6}.Release|Any CPU.ActiveCfg = Release|Any CPU
		{F3F01547-BC08-469F-B7BE-2B5EB77FC9A6}.Release|Any CPU.Build.0 = Release|Any CPU
		{F3F01547-BC08-469F-B7BE-2B5EB77FC9A6}.Release|x64.ActiveCfg = Release|Any CPU
		{F3F01547-BC08-469F-B7BE-2B5EB77FC9A6}.Release|x64.Build.0 = Release|Any CPU
		{F3F01547-BC08-469F-B7BE-2B5EB77FC9A6}.Release|x86.ActiveCfg = Release|Any CPU
		{F3F01547-BC08-469F-B7BE-2B5EB77FC9A6}.Release|x86.Build.0 = Release|Any CPU
		{B225ABF0-27C9-472D-A9EA-39D9F9C8C752}.Debug|Any CPU.ActiveCfg = Debug|Any CPU
		{B225ABF0-27C9-472D-A9EA-39D9F9C8C752}.Debug|Any CPU.Build.0 = Debug|Any CPU
		{B225ABF0-27C9-472D-A9EA-39D9F9C8C752}.Debug|x64.ActiveCfg = Debug|Any CPU
		{B225ABF0-27C9-472D-A9EA-39D9F9C8C752}.Debug|x64.Build.0 = Debug|Any CPU
		{B225ABF0-27C9-472D-A9EA-39D9F9C8C752}.Debug|x86.ActiveCfg = Debug|Any CPU
		{B225ABF0-27C9-472D-A9EA-39D9F9C8C752}.Debug|x86.Build.0 = Debug|Any CPU
		{B225ABF0-27C9-472D-A9EA-39D9F9C8C752}.Release|Any CPU.ActiveCfg = Release|Any CPU
		{B225ABF0-27C9-472D-A9EA-39D9F9C8C752}.Release|Any CPU.Build.0 = Release|Any CPU
		{B225ABF0-27C9-472D-A9EA-39D9F9C8C752}.Release|x64.ActiveCfg = Release|Any CPU
		{B225ABF0-27C9-472D-A9EA-39D9F9C8C752}.Release|x64.Build.0 = Release|Any CPU
		{B225ABF0-27C9-472D-A9EA-39D9F9C8C752}.Release|x86.ActiveCfg = Release|Any CPU
		{B225ABF0-27C9-472D-A9EA-39D9F9C8C752}.Release|x86.Build.0 = Release|Any CPU
	EndGlobalSection
	GlobalSection(SolutionProperties) = preSolution
		HideSolutionNode = FALSE
	EndGlobalSection
	GlobalSection(ExtensibilityGlobals) = postSolution
		SolutionGuid = {56B69A12-884D-4856-9C90-666D85471ADB}
	EndGlobalSection
EndGlobal
